
Microsoft Visual Studio Solution File, Format Version 12.00
# Visual Studio Version 16
VisualStudioVersion = 16.0.30104.148
MinimumVisualStudioVersion = 10.0.40219.1
Project("{FAE04EC0-301F-11D3-BF4B-00C04F79EFBC}") = "Test.Modele.Projet", "Console\Test.Modele.Projet.csproj", "{9B3D00B6-58A9-40B8-91CB-311F43846EEF}"
EndProject
Project("{FAE04EC0-301F-11D3-BF4B-00C04F79EFBC}") = "Modele.Projet", "Classes\Modele.Projet.csproj", "{F0D2081A-5C9D-4818-A902-DE4C646388AF}"
EndProject
Project("{2150E333-8FDC-42A3-9474-1A3956D46DE8}") = "Console", "Console", "{81F71DFA-03E1-4B98-9F1B-3D8C89A093BB}"
EndProject
Project("{2150E333-8FDC-42A3-9474-1A3956D46DE8}") = "Serveur", "Serveur", "{1231D2F8-3F4D-4EB7-B8FF-EC08469E4BF7}"
EndProject
Project("{FAE04EC0-301F-11D3-BF4B-00C04F79EFBC}") = "BusinessLayer", "BusinessLayer\BusinessLayer.csproj", "{0AF0E785-67BE-4BFD-8794-F73121F94954}"
EndProject
Project("{2150E333-8FDC-42A3-9474-1A3956D46DE8}") = "Tests", "Tests", "{73AC813F-CEE9-4F0A-8364-2E25F4B61A0B}"
EndProject
Project("{FAE04EC0-301F-11D3-BF4B-00C04F79EFBC}") = "Tests.Projet", "Tests.Projet\Tests.Projet.csproj", "{289B890F-1937-411E-A51B-A8324AD28ED8}"
EndProject
Project("{2150E333-8FDC-42A3-9474-1A3956D46DE8}") = "WPF", "WPF", "{D7404661-9781-4198-ADD2-5AD229480FEE}"
EndProject
Project("{FAE04EC0-301F-11D3-BF4B-00C04F79EFBC}") = "WPF.Projet", "WPF.Projet\WPF.Projet.csproj", "{48042879-DD2C-44C6-8847-EAE8DCBA4C43}"
EndProject
Project("{2150E333-8FDC-42A3-9474-1A3956D46DE8}") = "ASP.NET", "ASP.NET", "{C7FA147C-55C7-4826-A38F-936560A8801C}"
EndProject
Project("{FAE04EC0-301F-11D3-BF4B-00C04F79EFBC}") = "ASP.NET.Projet", "ASP.NET.Projet\ASP.NET.Projet.csproj", "{CEE3EB6C-0DBC-419C-8738-D0EF5706E5DD}"
EndProject
Global
	GlobalSection(SolutionConfigurationPlatforms) = preSolution
		Debug|Any CPU = Debug|Any CPU
		Release|Any CPU = Release|Any CPU
	EndGlobalSection
	GlobalSection(ProjectConfigurationPlatforms) = postSolution
		{9B3D00B6-58A9-40B8-91CB-311F43846EEF}.Debug|Any CPU.ActiveCfg = Debug|Any CPU
		{9B3D00B6-58A9-40B8-91CB-311F43846EEF}.Debug|Any CPU.Build.0 = Debug|Any CPU
		{9B3D00B6-58A9-40B8-91CB-311F43846EEF}.Release|Any CPU.ActiveCfg = Release|Any CPU
		{9B3D00B6-58A9-40B8-91CB-311F43846EEF}.Release|Any CPU.Build.0 = Release|Any CPU
		{F0D2081A-5C9D-4818-A902-DE4C646388AF}.Debug|Any CPU.ActiveCfg = Debug|Any CPU
		{F0D2081A-5C9D-4818-A902-DE4C646388AF}.Debug|Any CPU.Build.0 = Debug|Any CPU
		{F0D2081A-5C9D-4818-A902-DE4C646388AF}.Release|Any CPU.ActiveCfg = Release|Any CPU
		{F0D2081A-5C9D-4818-A902-DE4C646388AF}.Release|Any CPU.Build.0 = Release|Any CPU
		{0AF0E785-67BE-4BFD-8794-F73121F94954}.Debug|Any CPU.ActiveCfg = Debug|Any CPU
		{0AF0E785-67BE-4BFD-8794-F73121F94954}.Debug|Any CPU.Build.0 = Debug|Any CPU
		{0AF0E785-67BE-4BFD-8794-F73121F94954}.Release|Any CPU.ActiveCfg = Release|Any CPU
		{0AF0E785-67BE-4BFD-8794-F73121F94954}.Release|Any CPU.Build.0 = Release|Any CPU
		{289B890F-1937-411E-A51B-A8324AD28ED8}.Debug|Any CPU.ActiveCfg = Debug|Any CPU
		{289B890F-1937-411E-A51B-A8324AD28ED8}.Debug|Any CPU.Build.0 = Debug|Any CPU
		{289B890F-1937-411E-A51B-A8324AD28ED8}.Release|Any CPU.ActiveCfg = Release|Any CPU
		{289B890F-1937-411E-A51B-A8324AD28ED8}.Release|Any CPU.Build.0 = Release|Any CPU
		{48042879-DD2C-44C6-8847-EAE8DCBA4C43}.Debug|Any CPU.ActiveCfg = Debug|Any CPU
		{48042879-DD2C-44C6-8847-EAE8DCBA4C43}.Debug|Any CPU.Build.0 = Debug|Any CPU
		{48042879-DD2C-44C6-8847-EAE8DCBA4C43}.Release|Any CPU.ActiveCfg = Release|Any CPU
		{48042879-DD2C-44C6-8847-EAE8DCBA4C43}.Release|Any CPU.Build.0 = Release|Any CPU
		{CEE3EB6C-0DBC-419C-8738-D0EF5706E5DD}.Debug|Any CPU.ActiveCfg = Debug|Any CPU
		{CEE3EB6C-0DBC-419C-8738-D0EF5706E5DD}.Debug|Any CPU.Build.0 = Debug|Any CPU
		{CEE3EB6C-0DBC-419C-8738-D0EF5706E5DD}.Release|Any CPU.ActiveCfg = Release|Any CPU
		{CEE3EB6C-0DBC-419C-8738-D0EF5706E5DD}.Release|Any CPU.Build.0 = Release|Any CPU
	EndGlobalSection
	GlobalSection(SolutionProperties) = preSolution
		HideSolutionNode = FALSE
	EndGlobalSection
	GlobalSection(NestedProjects) = preSolution
		{9B3D00B6-58A9-40B8-91CB-311F43846EEF} = {81F71DFA-03E1-4B98-9F1B-3D8C89A093BB}
		{F0D2081A-5C9D-4818-A902-DE4C646388AF} = {1231D2F8-3F4D-4EB7-B8FF-EC08469E4BF7}
		{0AF0E785-67BE-4BFD-8794-F73121F94954} = {1231D2F8-3F4D-4EB7-B8FF-EC08469E4BF7}
		{289B890F-1937-411E-A51B-A8324AD28ED8} = {73AC813F-CEE9-4F0A-8364-2E25F4B61A0B}
		{48042879-DD2C-44C6-8847-EAE8DCBA4C43} = {D7404661-9781-4198-ADD2-5AD229480FEE}
		{CEE3EB6C-0DBC-419C-8738-D0EF5706E5DD} = {C7FA147C-55C7-4826-A38F-936560A8801C}
	EndGlobalSection
	GlobalSection(ExtensibilityGlobals) = postSolution
		SolutionGuid = {B0611B7B-06E6-4CB3-923D-5D5639527641}
	EndGlobalSection
EndGlobal
